
Microsoft Visual Studio Solution File, Format Version 12.00
# Visual Studio Version 17
VisualStudioVersion = 17.3.32929.385
MinimumVisualStudioVersion = 10.0.40219.1
Project("{FAE04EC0-301F-11D3-BF4B-00C04F79EFBC}") = "Gabinet Profilaktyki Medycznej", "Gabinet Profilaktyki Medycznej\Gabinet Profilaktyki Medycznej.csproj", "{924CADD2-5C50-44C6-B7A9-6920953602ED}"
EndProject
Global
	GlobalSection(SolutionConfigurationPlatforms) = preSolution
		Debug|Any CPU = Debug|Any CPU
		Release|Any CPU = Release|Any CPU
	EndGlobalSection
	GlobalSection(ProjectConfigurationPlatforms) = postSolution
		{924CADD2-5C50-44C6-B7A9-6920953602ED}.Debug|Any CPU.ActiveCfg = Debug|Any CPU
		{924CADD2-5C50-44C6-B7A9-6920953602ED}.Debug|Any CPU.Build.0 = Debug|Any CPU
		{924CADD2-5C50-44C6-B7A9-6920953602ED}.Release|Any CPU.ActiveCfg = Release|Any CPU
		{924CADD2-5C50-44C6-B7A9-6920953602ED}.Release|Any CPU.Build.0 = Release|Any CPU
	EndGlobalSection
	GlobalSection(SolutionProperties) = preSolution
		HideSolutionNode = FALSE
	EndGlobalSection
	GlobalSection(ExtensibilityGlobals) = postSolution
		SolutionGuid = {E1B8193B-93F4-4705-BCE1-C5D27D8DF43B}
	EndGlobalSection
EndGlobal
